<?xml version="1.0" encoding="utf-8"?>
<Project ToolsVersion="4.0" xmlns="http://schemas.microsoft.com/developer/msbuild/2003">
  <ItemGroup>
    <Filter Include="源文件">
      <UniqueIdentifier>{4FC737F1-C7A5-4376-A066-2A32D752A2FF}</UniqueIdentifier>
      <Extensions>cpp;c;cc;cxx;c++;cppm;ixx;def;odl;idl;hpj;bat;asm;asmx</Extensions>
    </Filter>
    <Filter Include="头文件">
      <UniqueIdentifier>{93995380-89BD-4b04-88EB-625FBE52EBFB}</UniqueIdentifier>
      <Extensions>h;hh;hpp;hxx;h++;hm;inl;inc;ipp;xsd</Extensions>
    </Filter>
    <Filter Include="资源文件">
      <UniqueIdentifier>{67DA6AB6-F800-4c08-8B7A-83BB121AAD01}</UniqueIdentifier>
      <Extensions>rc;ico;cur;bmp;dlg;rc2;rct;bin;rgs;gif;jpg;jpeg;jpe;resx;tiff;tif;png;wav;mfcribbon-ms</Extensions>
    </Filter>
    <Filter Include="Data">
      <UniqueIdentifier>{c5f7b6ab-4f92-4e1a-a2b0-f280e7e72f21}</UniqueIdentifier>
    </Filter>
    <Filter Include="Windows">
      <UniqueIdentifier>{6ad9ed16-d4e6-4f9f-ac03-b9ee33dc077e}</UniqueIdentifier>
    </Filter>
    <Filter Include="Windows\Login">
      <UniqueIdentifier>{86cf7477-7e86-4cf1-868e-a9b19947f9a0}</UniqueIdentifier>
    </Filter>
    <Filter Include="Windows\Load">
      <UniqueIdentifier>{f8a59ee4-014b-4846-8db3-9b0ef50046ed}</UniqueIdentifier>
    </Filter>
    <Filter Include="UIControl">
      <UniqueIdentifier>{e98b4080-e02e-4fae-a27c-58fbb3695cde}</UniqueIdentifier>
    </Filter>
    <Filter Include="UIControl\Button">
      <UniqueIdentifier>{701d2d96-8d37-462f-8a66-f34a30c321a0}</UniqueIdentifier>
    </Filter>
    <Filter Include="UIControl\TableWidget">
      <UniqueIdentifier>{f0f97522-5407-44e3-a9f6-b2fbe954fa2b}</UniqueIdentifier>
    </Filter>
    <Filter Include="Windows\MainWindow">
      <UniqueIdentifier>{a490fe49-440b-463e-8db8-bd25d362f145}</UniqueIdentifier>
    </Filter>
    <Filter Include="UIControl\Label">
      <UniqueIdentifier>{c0558a48-de00-4219-9c46-ddf7cd37f324}</UniqueIdentifier>
    </Filter>
    <Filter Include="UIControl\TextBox">
      <UniqueIdentifier>{0aec55f6-d81c-4930-8893-2f605695ac41}</UniqueIdentifier>
    </Filter>
  </ItemGroup>
  <ItemGroup>
    <ClCompile Include="main.cpp">
      <Filter>源文件</Filter>
    </ClCompile>
    <ClCompile Include="DataManager.cpp">
      <Filter>Data</Filter>
    </ClCompile>
    <ClCompile Include="WindowsManager.cpp">
      <Filter>Windows</Filter>
    </ClCompile>
    <ClCompile Include="LoginWindow.cpp">
      <Filter>Windows\Login</Filter>
    </ClCompile>
    <ClCompile Include="LoadWindow.cpp">
      <Filter>Windows\Load</Filter>
    </ClCompile>
    <ClCompile Include="Button.cpp">
      <Filter>UIControl\Button</Filter>
    </ClCompile>
    <ClCompile Include="TextBox.cpp">
      <Filter>UIControl\TextBox</Filter>
    </ClCompile>
    <ClCompile Include="Label.cpp">
      <Filter>UIControl\Label</Filter>
    </ClCompile>
    <ClCompile Include="TableWidget.cpp">
      <Filter>UIControl\TableWidget</Filter>
    </ClCompile>
    <ClCompile Include="UIManager.cpp">
      <Filter>UIControl</Filter>
    </ClCompile>
    <ClCompile Include="MainWindow.cpp">
      <Filter>Windows\MainWindow</Filter>
    </ClCompile>
  </ItemGroup>
  <ItemGroup>
    <ClInclude Include="DataManager.h">
      <Filter>Data</Filter>
    </ClInclude>
    <ClInclude Include="WindowsManager.h">
      <Filter>Windows</Filter>
    </ClInclude>
    <ClInclude Include="LoginWindow.h">
      <Filter>Windows\Login</Filter>
    </ClInclude>
    <ClInclude Include="LoadWindow.h">
      <Filter>Windows\Load</Filter>
    </ClInclude>
    <ClInclude Include="Button.h">
      <Filter>UIControl\Button</Filter>
    </ClInclude>
    <ClInclude Include="TextBox.h">
      <Filter>UIControl\TextBox</Filter>
    </ClInclude>
    <ClInclude Include="Label.h">
      <Filter>UIControl\Label</Filter>
    </ClInclude>
    <ClInclude Include="TableWidget.h">
      <Filter>UIControl\TableWidget</Filter>
    </ClInclude>
    <ClInclude Include="UIManager.h">
      <Filter>UIControl</Filter>
    </ClInclude>
    <ClInclude Include="MainWindow.h">
      <Filter>Windows\MainWindow</Filter>
    </ClInclude>
    <ClInclude Include="SystemConstant.h">
      <Filter>Data</Filter>
    </ClInclude>
  </ItemGroup>
</Project>